
Microsoft Visual Studio Solution File, Format Version 12.00
# Visual Studio 15
VisualStudioVersion = 15.0.28307.539
MinimumVisualStudioVersion = 10.0.40219.1
Project("{8BC9CEB8-8B4A-11D0-8D11-00A0C91BC942}") = "Mercury", "Mercury\Mercury.vcxproj", "{7811DCFB-8126-4D11-9990-7885F8378432}"
EndProject
Project("{8BC9CEB8-8B4A-11D0-8D11-00A0C91BC942}") = "Sandbox", "Sandbox\Sandbox.vcxproj", "{D35B7BFF-2769-4FCD-9322-326ADD63D064}"
EndProject
Global
	GlobalSection(SolutionConfigurationPlatforms) = preSolution
		Debug|x64 = Debug|x64
		Debug|x86 = Debug|x86
		Release|x64 = Release|x64
		Release|x86 = Release|x86
	EndGlobalSection
	GlobalSection(ProjectConfigurationPlatforms) = postSolution
		{7811DCFB-8126-4D11-9990-7885F8378432}.Debug|x64.ActiveCfg = Debug|x64
		{7811DCFB-8126-4D11-9990-7885F8378432}.Debug|x64.Build.0 = Debug|x64
		{7811DCFB-8126-4D11-9990-7885F8378432}.Debug|x86.ActiveCfg = Debug|x64
		{7811DCFB-8126-4D11-9990-7885F8378432}.Release|x64.ActiveCfg = Release|x64
		{7811DCFB-8126-4D11-9990-7885F8378432}.Release|x64.Build.0 = Release|x64
		{7811DCFB-8126-4D11-9990-7885F8378432}.Release|x86.ActiveCfg = Release|x64
		{D35B7BFF-2769-4FCD-9322-326ADD63D064}.Debug|x64.ActiveCfg = Debug|x64
		{D35B7BFF-2769-4FCD-9322-326ADD63D064}.Debug|x64.Build.0 = Debug|x64
		{D35B7BFF-2769-4FCD-9322-326ADD63D064}.Debug|x86.ActiveCfg = Debug|x64
		{D35B7BFF-2769-4FCD-9322-326ADD63D064}.Release|x64.ActiveCfg = Release|x64
		{D35B7BFF-2769-4FCD-9322-326ADD63D064}.Release|x64.Build.0 = Release|x64
		{D35B7BFF-2769-4FCD-9322-326ADD63D064}.Release|x86.ActiveCfg = Release|x64
	EndGlobalSection
	GlobalSection(SolutionProperties) = preSolution
		HideSolutionNode = FALSE
	EndGlobalSection
	GlobalSection(ExtensibilityGlobals) = postSolution
		SolutionGuid = {0CD218CE-8062-4D55-9E98-9B9342A414CC}
	EndGlobalSection
EndGlobal
